
Microsoft Visual Studio Solution File, Format Version 12.00
# Visual Studio Version 17
VisualStudioVersion = 17.5.002.0
MinimumVisualStudioVersion = 10.0.40219.1
Project("{9A19103F-16F7-4668-BE54-9A1E7A4F7556}") = "Projeto 01 - Sistema de Estacionamento", "Projeto 01 - Sistema de Estacionamento.csproj", "{01D85955-E36E-4A68-BC7F-806AC7A8DCCD}"
EndProject
Global
	GlobalSection(SolutionConfigurationPlatforms) = preSolution
		Debug|Any CPU = Debug|Any CPU
		Release|Any CPU = Release|Any CPU
	EndGlobalSection
	GlobalSection(ProjectConfigurationPlatforms) = postSolution
		{01D85955-E36E-4A68-BC7F-806AC7A8DCCD}.Debug|Any CPU.ActiveCfg = Debug|Any CPU
		{01D85955-E36E-4A68-BC7F-806AC7A8DCCD}.Debug|Any CPU.Build.0 = Debug|Any CPU
		{01D85955-E36E-4A68-BC7F-806AC7A8DCCD}.Release|Any CPU.ActiveCfg = Release|Any CPU
		{01D85955-E36E-4A68-BC7F-806AC7A8DCCD}.Release|Any CPU.Build.0 = Release|Any CPU
	EndGlobalSection
	GlobalSection(SolutionProperties) = preSolution
		HideSolutionNode = FALSE
	EndGlobalSection
	GlobalSection(ExtensibilityGlobals) = postSolution
		SolutionGuid = {057CFE68-2FBF-44F2-8E1D-CE30F25C67A4}
	EndGlobalSection
EndGlobal
